// !$*UTF8*$!
{
	archiveVersion = 1;
	classes = {
	};
	objectVersion = 50;
	objects = {

/* Begin PBXBuildFile section */
		1E5519CA2107A6730055A839 /* AppDelegate.swift in Sources */ = {isa = PBXBuildFile; fileRef = 1E5519C92107A6730055A839 /* AppDelegate.swift */; };
		1E5519CC2107A6730055A839 /* ViewController.swift in Sources */ = {isa = PBXBuildFile; fileRef = 1E5519CB2107A6730055A839 /* ViewController.swift */; };
		1E5519CF2107A6730055A839 /* Main.storyboard in Resources */ = {isa = PBXBuildFile; fileRef = 1E5519CD2107A6730055A839 /* Main.storyboard */; };
		1E5519D12107A6740055A839 /* Assets.xcassets in Resources */ = {isa = PBXBuildFile; fileRef = 1E5519D02107A6740055A839 /* Assets.xcassets */; };
		1E5519D42107A6740055A839 /* LaunchScreen.storyboard in Resources */ = {isa = PBXBuildFile; fileRef = 1E5519D22107A6740055A839 /* LaunchScreen.storyboard */; };
		1E5519DF2107A6750055A839 /* WeightForMeTests.swift in Sources */ = {isa = PBXBuildFile; fileRef = 1E5519DE2107A6750055A839 /* WeightForMeTests.swift */; };
		1E5519EA2107A6750055A839 /* WeightForMeUITests.swift in Sources */ = {isa = PBXBuildFile; fileRef = 1E5519E92107A6750055A839 /* WeightForMeUITests.swift */; };
		1E5519F92107B4870055A839 /* FoodTableViewCell.swift in Sources */ = {isa = PBXBuildFile; fileRef = 1E5519F72107B4870055A839 /* FoodTableViewCell.swift */; };
		1E5519FA2107B4870055A839 /* FoodTableViewCell.xib in Resources */ = {isa = PBXBuildFile; fileRef = 1E5519F82107B4870055A839 /* FoodTableViewCell.xib */; };
		1E5519FC2107B9110055A839 /* FoodDataSource.swift in Sources */ = {isa = PBXBuildFile; fileRef = 1E5519FB2107B9110055A839 /* FoodDataSource.swift */; };
/* End PBXBuildFile section */

/* Begin PBXContainerItemProxy section */
		1E5519DB2107A6750055A839 /* PBXContainerItemProxy */ = {
			isa = PBXContainerItemProxy;
			containerPortal = 1E5519BE2107A6730055A839 /* Project object */;
			proxyType = 1;
			remoteGlobalIDString = 1E5519C52107A6730055A839;
			remoteInfo = WeightForMe;
		};
		1E5519E62107A6750055A839 /* PBXContainerItemProxy */ = {
			isa = PBXContainerItemProxy;
			containerPortal = 1E5519BE2107A6730055A839 /* Project object */;
			proxyType = 1;
			remoteGlobalIDString = 1E5519C52107A6730055A839;
			remoteInfo = WeightForMe;
		};
/* End PBXContainerItemProxy section */

/* Begin PBXFileReference section */
		1E5519C62107A6730055A839 /* WeightForMe.app */ = {isa = PBXFileReference; explicitFileType = wrapper.application; includeInIndex = 0; path = WeightForMe.app; sourceTree = BUILT_PRODUCTS_DIR; };
		1E5519C92107A6730055A839 /* AppDelegate.swift */ = {isa = PBXFileReference; lastKnownFileType = sourcecode.swift; path = AppDelegate.swift; sourceTree = "<group>"; };
		1E5519CB2107A6730055A839 /* ViewController.swift */ = {isa = PBXFileReference; lastKnownFileType = sourcecode.swift; path = ViewController.swift; sourceTree = "<group>"; };
		1E5519CE2107A6730055A839 /* Base */ = {isa = PBXFileReference; lastKnownFileType = file.storyboard; name = Base; path = Base.lproj/Main.storyboard; sourceTree = "<group>"; };
		1E5519D02107A6740055A839 /* Assets.xcassets */ = {isa = PBXFileReference; lastKnownFileType = folder.assetcatalog; path = Assets.xcassets; sourceTree = "<group>"; };
		1E5519D32107A6740055A839 /* Base */ = {isa = PBXFileReference; lastKnownFileType = file.storyboard; name = Base; path = Base.lproj/LaunchScreen.storyboard; sourceTree = "<group>"; };
		1E5519D52107A6740055A839 /* Info.plist */ = {isa = PBXFileReference; lastKnownFileType = text.plist.xml; path = Info.plist; sourceTree = "<group>"; };
		1E5519DA2107A6750055A839 /* WeightForMeTests.xctest */ = {isa = PBXFileReference; explicitFileType = wrapper.cfbundle; includeInIndex = 0; path = WeightForMeTests.xctest; sourceTree = BUILT_PRODUCTS_DIR; };
		1E5519DE2107A6750055A839 /* WeightForMeTests.swift */ = {isa = PBXFileReference; lastKnownFileType = sourcecode.swift; path = WeightForMeTests.swift; sourceTree = "<group>"; };
		1E5519E02107A6750055A839 /* Info.plist */ = {isa = PBXFileReference; lastKnownFileType = text.plist.xml; path = Info.plist; sourceTree = "<group>"; };
		1E5519E52107A6750055A839 /* WeightForMeUITests.xctest */ = {isa = PBXFileReference; explicitFileType = wrapper.cfbundle; includeInIndex = 0; path = WeightForMeUITests.xctest; sourceTree = BUILT_PRODUCTS_DIR; };
		1E5519E92107A6750055A839 /* WeightForMeUITests.swift */ = {isa = PBXFileReference; lastKnownFileType = sourcecode.swift; path = WeightForMeUITests.swift; sourceTree = "<group>"; };
		1E5519EB2107A6750055A839 /* Info.plist */ = {isa = PBXFileReference; lastKnownFileType = text.plist.xml; path = Info.plist; sourceTree = "<group>"; };
		1E5519F72107B4870055A839 /* FoodTableViewCell.swift */ = {isa = PBXFileReference; lastKnownFileType = sourcecode.swift; path = FoodTableViewCell.swift; sourceTree = "<group>"; };
		1E5519F82107B4870055A839 /* FoodTableViewCell.xib */ = {isa = PBXFileReference; lastKnownFileType = file.xib; path = FoodTableViewCell.xib; sourceTree = "<group>"; };
		1E5519FB2107B9110055A839 /* FoodDataSource.swift */ = {isa = PBXFileReference; lastKnownFileType = sourcecode.swift; path = FoodDataSource.swift; sourceTree = "<group>"; };
/* End PBXFileReference section */

/* Begin PBXFrameworksBuildPhase section */
		1E5519C32107A6730055A839 /* Frameworks */ = {
			isa = PBXFrameworksBuildPhase;
			buildActionMask = 2147483647;
			files = (
			);
			runOnlyForDeploymentPostprocessing = 0;
		};
		1E5519D72107A6750055A839 /* Frameworks */ = {
			isa = PBXFrameworksBuildPhase;
			buildActionMask = 2147483647;
			files = (
			);
			runOnlyForDeploymentPostprocessing = 0;
		};
		1E5519E22107A6750055A839 /* Frameworks */ = {
			isa = PBXFrameworksBuildPhase;
			buildActionMask = 2147483647;
			files = (
			);
			runOnlyForDeploymentPostprocessing = 0;
		};
/* End PBXFrameworksBuildPhase section */

/* Begin PBXGroup section */
		1E5519BD2107A6730055A839 = {
			isa = PBXGroup;
			children = (
				1E5519C82107A6730055A839 /* WeightForMe */,
				1E5519DD2107A6750055A839 /* WeightForMeTests */,
				1E5519E82107A6750055A839 /* WeightForMeUITests */,
				1E5519C72107A6730055A839 /* Products */,
			);
			sourceTree = "<group>";
		};
		1E5519C72107A6730055A839 /* Products */ = {
			isa = PBXGroup;
			children = (
				1E5519C62107A6730055A839 /* WeightForMe.app */,
				1E5519DA2107A6750055A839 /* WeightForMeTests.xctest */,
				1E5519E52107A6750055A839 /* WeightForMeUITests.xctest */,
			);
			name = Products;
			sourceTree = "<group>";
		};
		1E5519C82107A6730055A839 /* WeightForMe */ = {
			isa = PBXGroup;
			children = (
				1E5519C92107A6730055A839 /* AppDelegate.swift */,
				1E5519CB2107A6730055A839 /* ViewController.swift */,
				1E5519CD2107A6730055A839 /* Main.storyboard */,
				1E5519D02107A6740055A839 /* Assets.xcassets */,
				1E5519D22107A6740055A839 /* LaunchScreen.storyboard */,
				1E5519D52107A6740055A839 /* Info.plist */,
				1E5519F72107B4870055A839 /* FoodTableViewCell.swift */,
				1E5519F82107B4870055A839 /* FoodTableViewCell.xib */,
				1E5519FB2107B9110055A839 /* FoodDataSource.swift */,
			);
			path = WeightForMe;
			sourceTree = "<group>";
		};
		1E5519DD2107A6750055A839 /* WeightForMeTests */ = {
			isa = PBXGroup;
			children = (
				1E5519DE2107A6750055A839 /* WeightForMeTests.swift */,
				1E5519E02107A6750055A839 /* Info.plist */,
			);
			path = WeightForMeTests;
			sourceTree = "<group>";
		};
		1E5519E82107A6750055A839 /* WeightForMeUITests */ = {
			isa = PBXGroup;
			children = (
				1E5519E92107A6750055A839 /* WeightForMeUITests.swift */,
				1E5519EB2107A6750055A839 /* Info.plist */,
			);
			path = WeightForMeUITests;
			sourceTree = "<group>";
		};
/* End PBXGroup section */

/* Begin PBXNativeTarget section */
		1E5519C52107A6730055A839 /* WeightForMe */ = {
			isa = PBXNativeTarget;
			buildConfigurationList = 1E5519EE2107A6750055A839 /* Build configuration list for PBXNativeTarget "WeightForMe" */;
			buildPhases = (
				1E5519C22107A6730055A839 /* Sources */,
				1E5519C32107A6730055A839 /* Frameworks */,
				1E5519C42107A6730055A839 /* Resources */,
			);
			buildRules = (
			);
			dependencies = (
			);
			name = WeightForMe;
			productName = WeightForMe;
			productReference = 1E5519C62107A6730055A839 /* WeightForMe.app */;
			productType = "com.apple.product-type.application";
		};
		1E5519D92107A6750055A839 /* WeightForMeTests */ = {
			isa = PBXNativeTarget;
			buildConfigurationList = 1E5519F12107A6750055A839 /* Build configuration list for PBXNativeTarget "WeightForMeTests" */;
			buildPhases = (
				1E5519D62107A6750055A839 /* Sources */,
				1E5519D72107A6750055A839 /* Frameworks */,
				1E5519D82107A6750055A839 /* Resources */,
			);
			buildRules = (
			);
			dependencies = (
				1E5519DC2107A6750055A839 /* PBXTargetDependency */,
			);
			name = WeightForMeTests;
			productName = WeightForMeTests;
			productReference = 1E5519DA2107A6750055A839 /* WeightForMeTests.xctest */;
			productType = "com.apple.product-type.bundle.unit-test";
		};
		1E5519E42107A6750055A839 /* WeightForMeUITests */ = {
			isa = PBXNativeTarget;
			buildConfigurationList = 1E5519F42107A6750055A839 /* Build configuration list for PBXNativeTarget "WeightForMeUITests" */;
			buildPhases = (
				1E5519E12107A6750055A839 /* Sources */,
				1E5519E22107A6750055A839 /* Frameworks */,
				1E5519E32107A6750055A839 /* Resources */,
			);
			buildRules = (
			);
			dependencies = (
				1E5519E72107A6750055A839 /* PBXTargetDependency */,
			);
			name = WeightForMeUITests;
			productName = WeightForMeUITests;
			productReference = 1E5519E52107A6750055A839 /* WeightForMeUITests.xctest */;
			productType = "com.apple.product-type.bundle.ui-testing";
		};
/* End PBXNativeTarget section */

/* Begin PBXProject section */
		1E5519BE2107A6730055A839 /* Project object */ = {
			isa = PBXProject;
			attributes = {
				LastSwiftUpdateCheck = 0940;
				LastUpgradeCheck = 0940;
				ORGANIZATIONNAME = "Bhargav Vasist";
				TargetAttributes = {
					1E5519C52107A6730055A839 = {
						CreatedOnToolsVersion = 9.4.1;
					};
					1E5519D92107A6750055A839 = {
						CreatedOnToolsVersion = 9.4.1;
						TestTargetID = 1E5519C52107A6730055A839;
					};
					1E5519E42107A6750055A839 = {
						CreatedOnToolsVersion = 9.4.1;
						TestTargetID = 1E5519C52107A6730055A839;
					};
				};
			};
			buildConfigurationList = 1E5519C12107A6730055A839 /* Build configuration list for PBXProject "WeightForMe" */;
			compatibilityVersion = "Xcode 9.3";
			developmentRegion = en;
			hasScannedForEncodings = 0;
			knownRegions = (
				en,
				Base,
			);
			mainGroup = 1E5519BD2107A6730055A839;
			productRefGroup = 1E5519C72107A6730055A839 /* Products */;
			projectDirPath = "";
			projectRoot = "";
			targets = (
				1E5519C52107A6730055A839 /* WeightForMe */,
				1E5519D92107A6750055A839 /* WeightForMeTests */,
				1E5519E42107A6750055A839 /* WeightForMeUITests */,
			);
		};
/* End PBXProject section */

/* Begin PBXResourcesBuildPhase section */
		1E5519C42107A6730055A839 /* Resources */ = {
			isa = PBXResourcesBuildPhase;
			buildActionMask = 2147483647;
			files = (
				1E5519D42107A6740055A839 /* LaunchScreen.storyboard in Resources */,
				1E5519FA2107B4870055A839 /* FoodTableViewCell.xib in Resources */,
				1E5519D12107A6740055A839 /* Assets.xcassets in Resources */,
				1E5519CF2107A6730055A839 /* Main.storyboard in Resources */,
			);
			runOnlyForDeploymentPostprocessing = 0;
		};
		1E5519D82107A6750055A839 /* Resources */ = {
			isa = PBXResourcesBuildPhase;
			buildActionMask = 2147483647;
			files = (
			);
			runOnlyForDeploymentPostprocessing = 0;
		};
		1E5519E32107A6750055A839 /* Resources */ = {
			isa = PBXResourcesBuildPhase;
			buildActionMask = 2147483647;
			files = (
			);
			runOnlyForDeploymentPostprocessing = 0;
		};
/* End PBXResourcesBuildPhase section */

/* Begin PBXSourcesBuildPhase section */
		1E5519C22107A6730055A839 /* Sources */ = {
			isa = PBXSourcesBuildPhase;
			buildActionMask = 2147483647;
			files = (
				1E5519CC2107A6730055A839 /* ViewController.swift in Sources */,
				1E5519CA2107A6730055A839 /* AppDelegate.swift in Sources */,
				1E5519FC2107B9110055A839 /* FoodDataSource.swift in Sources */,
				1E5519F92107B4870055A839 /* FoodTableViewCell.swift in Sources */,
			);
			runOnlyForDeploymentPostprocessing = 0;
		};
		1E5519D62107A6750055A839 /* Sources */ = {
			isa = PBXSourcesBuildPhase;
			buildActionMask = 2147483647;
			files = (
				1E5519DF2107A6750055A839 /* WeightForMeTests.swift in Sources */,
			);
			runOnlyForDeploymentPostprocessing = 0;
		};
		1E5519E12107A6750055A839 /* Sources */ = {
			isa = PBXSourcesBuildPhase;
			buildActionMask = 2147483647;
			files = (
				1E5519EA2107A6750055A839 /* WeightForMeUITests.swift in Sources */,
			);
			runOnlyForDeploymentPostprocessing = 0;
		};
/* End PBXSourcesBuildPhase section */

/* Begin PBXTargetDependency section */
		1E5519DC2107A6750055A839 /* PBXTargetDependency */ = {
			isa = PBXTargetDependency;
			target = 1E5519C52107A6730055A839 /* WeightForMe */;
			targetProxy = 1E5519DB2107A6750055A839 /* PBXContainerItemProxy */;
		};
		1E5519E72107A6750055A839 /* PBXTargetDependency */ = {
			isa = PBXTargetDependency;
			target = 1E5519C52107A6730055A839 /* WeightForMe */;
			targetProxy = 1E5519E62107A6750055A839 /* PBXContainerItemProxy */;
		};
/* End PBXTargetDependency section */

/* Begin PBXVariantGroup section */
		1E5519CD2107A6730055A839 /* Main.storyboard */ = {
			isa = PBXVariantGroup;
			children = (
				1E5519CE2107A6730055A839 /* Base */,
			);
			name = Main.storyboard;
			sourceTree = "<group>";
		};
		1E5519D22107A6740055A839 /* LaunchScreen.storyboard */ = {
			isa = PBXVariantGroup;
			children = (
				1E5519D32107A6740055A839 /* Base */,
			);
			name = LaunchScreen.storyboard;
			sourceTree = "<group>";
		};
/* End PBXVariantGroup section */

/* Begin XCBuildConfiguration section */
		1E5519EC2107A6750055A839 /* Debug */ = {
			isa = XCBuildConfiguration;
			buildSettings = {
				ALWAYS_SEARCH_USER_PATHS = NO;
				CLANG_ANALYZER_NONNULL = YES;
				CLANG_ANALYZER_NUMBER_OBJECT_CONVERSION = YES_AGGRESSIVE;
				CLANG_CXX_LANGUAGE_STANDARD = "gnu++14";
				CLANG_CXX_LIBRARY = "libc++";
				CLANG_ENABLE_MODULES = YES;
				CLANG_ENABLE_OBJC_ARC = YES;
				CLANG_ENABLE_OBJC_WEAK = YES;
				CLANG_WARN_BLOCK_CAPTURE_AUTORELEASING = YES;
				CLANG_WARN_BOOL_CONVERSION = YES;
				CLANG_WARN_COMMA = YES;
				CLANG_WARN_CONSTANT_CONVERSION = YES;
				CLANG_WARN_DEPRECATED_OBJC_IMPLEMENTATIONS = YES;
				CLANG_WARN_DIRECT_OBJC_ISA_USAGE = YES_ERROR;
				CLANG_WARN_DOCUMENTATION_COMMENTS = YES;
				CLANG_WARN_EMPTY_BODY = YES;
				CLANG_WARN_ENUM_CONVERSION = YES;
				CLANG_WARN_INFINITE_RECURSION = YES;
				CLANG_WARN_INT_CONVERSION = YES;
				CLANG_WARN_NON_LITERAL_NULL_CONVERSION = YES;
				CLANG_WARN_OBJC_IMPLICIT_RETAIN_SELF = YES;
				CLANG_WARN_OBJC_LITERAL_CONVERSION = YES;
				CLANG_WARN_OBJC_ROOT_CLASS = YES_ERROR;
				CLANG_WARN_RANGE_LOOP_ANALYSIS = YES;
				CLANG_WARN_STRICT_PROTOTYPES = YES;
				CLANG_WARN_SUSPICIOUS_MOVE = YES;
				CLANG_WARN_UNGUARDED_AVAILABILITY = YES_AGGRESSIVE;
				CLANG_WARN_UNREACHABLE_CODE = YES;
				CLANG_WARN__DUPLICATE_METHOD_MATCH = YES;
				CODE_SIGN_IDENTITY = "iPhone Developer";
				COPY_PHASE_STRIP = NO;
				DEBUG_INFORMATION_FORMAT = dwarf;
				ENABLE_STRICT_OBJC_MSGSEND = YES;
				ENABLE_TESTABILITY = YES;
				GCC_C_LANGUAGE_STANDARD = gnu11;
				GCC_DYNAMIC_NO_PIC = NO;
				GCC_NO_COMMON_BLOCKS = YES;
				GCC_OPTIMIZATION_LEVEL = 0;
				GCC_PREPROCESSOR_DEFINITIONS = (
					"DEBUG=1",
					"$(inherited)",
				);
				GCC_WARN_64_TO_32_BIT_CONVERSION = YES;
				GCC_WARN_ABOUT_RETURN_TYPE = YES_ERROR;
				GCC_WARN_UNDECLARED_SELECTOR = YES;
				GCC_WARN_UNINITIALIZED_AUTOS = YES_AGGRESSIVE;
				GCC_WARN_UNUSED_FUNCTION = YES;
				GCC_WARN_UNUSED_VARIABLE = YES;
				IPHONEOS_DEPLOYMENT_TARGET = 11.4;
				MTL_ENABLE_DEBUG_INFO = YES;
				ONLY_ACTIVE_ARCH = YES;
				SDKROOT = iphoneos;
				SWIFT_ACTIVE_COMPILATION_CONDITIONS = DEBUG;
				SWIFT_OPTIMIZATION_LEVEL = "-Onone";
			};
			name = Debug;
		};
		1E5519ED2107A6750055A839 /* Release */ = {
			isa = XCBuildConfiguration;
			buildSettings = {
				ALWAYS_SEARCH_USER_PATHS = NO;
				CLANG_ANALYZER_NONNULL = YES;
				CLANG_ANALYZER_NUMBER_OBJECT_CONVERSION = YES_AGGRESSIVE;
				CLANG_CXX_LANGUAGE_STANDARD = "gnu++14";
				CLANG_CXX_LIBRARY = "libc++";
				CLANG_ENABLE_MODULES = YES;
				CLANG_ENABLE_OBJC_ARC = YES;
				CLANG_ENABLE_OBJC_WEAK = YES;
				CLANG_WARN_BLOCK_CAPTURE_AUTORELEASING = YES;
				CLANG_WARN_BOOL_CONVERSION = YES;
				CLANG_WARN_COMMA = YES;
				CLANG_WARN_CONSTANT_CONVERSION = YES;
				CLANG_WARN_DEPRECATED_OBJC_IMPLEMENTATIONS = YES;
				CLANG_WARN_DIRECT_OBJC_ISA_USAGE = YES_ERROR;
				CLANG_WARN_DOCUMENTATION_COMMENTS = YES;
				CLANG_WARN_EMPTY_BODY = YES;
				CLANG_WARN_ENUM_CONVERSION = YES;
				CLANG_WARN_INFINITE_RECURSION = YES;
				CLANG_WARN_INT_CONVERSION = YES;
				CLANG_WARN_NON_LITERAL_NULL_CONVERSION = YES;
				CLANG_WARN_OBJC_IMPLICIT_RETAIN_SELF = YES;
				CLANG_WARN_OBJC_LITERAL_CONVERSION = YES;
				CLANG_WARN_OBJC_ROOT_CLASS = YES_ERROR;
				CLANG_WARN_RANGE_LOOP_ANALYSIS = YES;
				CLANG_WARN_STRICT_PROTOTYPES = YES;
				CLANG_WARN_SUSPICIOUS_MOVE = YES;
				CLANG_WARN_UNGUARDED_AVAILABILITY = YES_AGGRESSIVE;
				CLANG_WARN_UNREACHABLE_CODE = YES;
				CLANG_WARN__DUPLICATE_METHOD_MATCH = YES;
				CODE_SIGN_IDENTITY = "iPhone Developer";
				COPY_PHASE_STRIP = NO;
				DEBUG_INFORMATION_FORMAT = "dwarf-with-dsym";
				ENABLE_NS_ASSERTIONS = NO;
				ENABLE_STRICT_OBJC_MSGSEND = YES;
				GCC_C_LANGUAGE_STANDARD = gnu11;
				GCC_NO_COMMON_BLOCKS = YES;
				GCC_WARN_64_TO_32_BIT_CONVERSION = YES;
				GCC_WARN_ABOUT_RETURN_TYPE = YES_ERROR;
				GCC_WARN_UNDECLARED_SELECTOR = YES;
				GCC_WARN_UNINITIALIZED_AUTOS = YES_AGGRESSIVE;
				GCC_WARN_UNUSED_FUNCTION = YES;
				GCC_WARN_UNUSED_VARIABLE = YES;
				IPHONEOS_DEPLOYMENT_TARGET = 11.4;
				MTL_ENABLE_DEBUG_INFO = NO;
				SDKROOT = iphoneos;
				SWIFT_COMPILATION_MODE = wholemodule;
				SWIFT_OPTIMIZATION_LEVEL = "-O";
				VALIDATE_PRODUCT = YES;
			};
			name = Release;
		};
		1E5519EF2107A6750055A839 /* Debug */ = {
			isa = XCBuildConfiguration;
			buildSettings = {
				ASSETCATALOG_COMPILER_APPICON_NAME = AppIcon;
				CODE_SIGN_STYLE = Automatic;
				DEVELOPMENT_TEAM = 9T4R2WD73G;
				INFOPLIST_FILE = WeightForMe/Info.plist;
				LD_RUNPATH_SEARCH_PATHS = (
					"$(inherited)",
					"@executable_path/Frameworks",
				);
				PRODUCT_BUNDLE_IDENTIFIER = my.eff.in.app.WeightForMe;
				PRODUCT_NAME = "$(TARGET_NAME)";
				SWIFT_VERSION = 4.0;
				TARGETED_DEVICE_FAMILY = "1,2";
			};
			name = Debug;
		};
		1E5519F02107A6750055A839 /* Release */ = {
			isa = XCBuildConfiguration;
			buildSettings = {
				ASSETCATALOG_COMPILER_APPICON_NAME = AppIcon;
				CODE_SIGN_STYLE = Automatic;
				DEVELOPMENT_TEAM = 9T4R2WD73G;
				INFOPLIST_FILE = WeightForMe/Info.plist;
				LD_RUNPATH_SEARCH_PATHS = (
					"$(inherited)",
					"@executable_path/Frameworks",
				);
				PRODUCT_BUNDLE_IDENTIFIER = my.eff.in.app.WeightForMe;
				PRODUCT_NAME = "$(TARGET_NAME)";
				SWIFT_VERSION = 4.0;
				TARGETED_DEVICE_FAMILY = "1,2";
			};
			name = Release;
		};
		1E5519F22107A6750055A839 /* Debug */ = {
			isa = XCBuildConfiguration;
			buildSettings = {
				ALWAYS_EMBED_SWIFT_STANDARD_LIBRARIES = YES;
				BUNDLE_LOADER = "$(TEST_HOST)";
				CODE_SIGN_STYLE = Automatic;
				DEVELOPMENT_TEAM = 9T4R2WD73G;
				INFOPLIST_FILE = WeightForMeTests/Info.plist;
				LD_RUNPATH_SEARCH_PATHS = (
					"$(inherited)",
					"@executable_path/Frameworks",
					"@loader_path/Frameworks",
				);
				PRODUCT_BUNDLE_IDENTIFIER = my.eff.in.app.WeightForMeTests;
				PRODUCT_NAME = "$(TARGET_NAME)";
				SWIFT_VERSION = 4.0;
				TARGETED_DEVICE_FAMILY = "1,2";
				TEST_HOST = "$(BUILT_PRODUCTS_DIR)/WeightForMe.app/WeightForMe";
			};
			name = Debug;
		};
		1E5519F32107A6750055A839 /* Release */ = {
			isa = XCBuildConfiguration;
			buildSettings = {
				ALWAYS_EMBED_SWIFT_STANDARD_LIBRARIES = YES;
				BUNDLE_LOADER = "$(TEST_HOST)";
				CODE_SIGN_STYLE = Automatic;
				DEVELOPMENT_TEAM = 9T4R2WD73G;
				INFOPLIST_FILE = WeightForMeTests/Info.plist;
				LD_RUNPATH_SEARCH_PATHS = (
					"$(inherited)",
					"@executable_path/Frameworks",
					"@loader_path/Frameworks",
				);
				PRODUCT_BUNDLE_IDENTIFIER = my.eff.in.app.WeightForMeTests;
				PRODUCT_NAME = "$(TARGET_NAME)";
				SWIFT_VERSION = 4.0;
				TARGETED_DEVICE_FAMILY = "1,2";
				TEST_HOST = "$(BUILT_PRODUCTS_DIR)/WeightForMe.app/WeightForMe";
			};
			name = Release;
		};
		1E5519F52107A6750055A839 /* Debug */ = {
			isa = XCBuildConfiguration;
			buildSettings = {
				ALWAYS_EMBED_SWIFT_STANDARD_LIBRARIES = YES;
				CODE_SIGN_STYLE = Automatic;
				DEVELOPMENT_TEAM = 9T4R2WD73G;
				INFOPLIST_FILE = WeightForMeUITests/Info.plist;
				LD_RUNPATH_SEARCH_PATHS = (
					"$(inherited)",
					"@executable_path/Frameworks",
					"@loader_path/Frameworks",
				);
				PRODUCT_BUNDLE_IDENTIFIER = my.eff.in.app.WeightForMeUITests;
				PRODUCT_NAME = "$(TARGET_NAME)";
				SWIFT_VERSION = 4.0;
				TARGETED_DEVICE_FAMILY = "1,2";
				TEST_TARGET_NAME = WeightForMe;
			};
			name = Debug;
		};
		1E5519F62107A6750055A839 /* Release */ = {
			isa = XCBuildConfiguration;
			buildSettings = {
				ALWAYS_EMBED_SWIFT_STANDARD_LIBRARIES = YES;
				CODE_SIGN_STYLE = Automatic;
				DEVELOPMENT_TEAM = 9T4R2WD73G;
				INFOPLIST_FILE = WeightForMeUITests/Info.plist;
				LD_RUNPATH_SEARCH_PATHS = (
					"$(inherited)",
					"@executable_path/Frameworks",
					"@loader_path/Frameworks",
				);
				PRODUCT_BUNDLE_IDENTIFIER = my.eff.in.app.WeightForMeUITests;
				PRODUCT_NAME = "$(TARGET_NAME)";
				SWIFT_VERSION = 4.0;
				TARGETED_DEVICE_FAMILY = "1,2";
				TEST_TARGET_NAME = WeightForMe;
			};
			name = Release;
		};
/* End XCBuildConfiguration section */

/* Begin XCConfigurationList section */
		1E5519C12107A6730055A839 /* Build configuration list for PBXProject "WeightForMe" */ = {
			isa = XCConfigurationList;
			buildConfigurations = (
				1E5519EC2107A6750055A839 /* Debug */,
				1E5519ED2107A6750055A839 /* Release */,
			);
			defaultConfigurationIsVisible = 0;
			defaultConfigurationName = Release;
		};
		1E5519EE2107A6750055A839 /* Build configuration list for PBXNativeTarget "WeightForMe" */ = {
			isa = XCConfigurationList;
			buildConfigurations = (
				1E5519EF2107A6750055A839 /* Debug */,
				1E5519F02107A6750055A839 /* Release */,
			);
			defaultConfigurationIsVisible = 0;
			defaultConfigurationName = Release;
		};
		1E5519F12107A6750055A839 /* Build configuration list for PBXNativeTarget "WeightForMeTests" */ = {
			isa = XCConfigurationList;
			buildConfigurations = (
				1E5519F22107A6750055A839 /* Debug */,
				1E5519F32107A6750055A839 /* Release */,
			);
			defaultConfigurationIsVisible = 0;
			defaultConfigurationName = Release;
		};
		1E5519F42107A6750055A839 /* Build configuration list for PBXNativeTarget "WeightForMeUITests" */ = {
			isa = XCConfigurationList;
			buildConfigurations = (
				1E5519F52107A6750055A839 /* Debug */,
				1E5519F62107A6750055A839 /* Release */,
			);
			defaultConfigurationIsVisible = 0;
			defaultConfigurationName = Release;
		};
/* End XCConfigurationList section */
	};
	rootObject = 1E5519BE2107A6730055A839 /* Project object */;
}
